
Microsoft Visual Studio Solution File, Format Version 12.00
# Visual Studio 2013
VisualStudioVersion = 12.0.40629.0
MinimumVisualStudioVersion = 10.0.40219.1
Project("{2150E333-8FDC-42A3-9474-1A3956D46DE8}") = "BLL", "BLL", "{860DDDF9-3B23-42FA-9E26-AF77EF263F41}"
EndProject
Project("{2150E333-8FDC-42A3-9474-1A3956D46DE8}") = "DAL", "DAL", "{3322B941-2BF2-497D-83CE-A02C60430B09}"
EndProject
Project("{FAE04EC0-301F-11D3-BF4B-00C04F79EFBC}") = "XueFuShop", "XueFuShop\XueFuShop.csproj", "{D3153537-712F-48E9-B739-9ED099004249}"
EndProject
Project("{FAE04EC0-301F-11D3-BF4B-00C04F79EFBC}") = "XueFu.EntLib", "XueFu.EntLib\XueFu.EntLib.csproj", "{DBDD8CA0-1F46-4061-B0A5-20B189568925}"
EndProject
Project("{FAE04EC0-301F-11D3-BF4B-00C04F79EFBC}") = "XueFuShop.BLL", "XueFuShop.BLL\XueFuShop.BLL.csproj", "{B1AC3BBE-3477-4EC4-ACF3-7A7164FAEA8C}"
EndProject
Project("{FAE04EC0-301F-11D3-BF4B-00C04F79EFBC}") = "XueFuShop.IDAL", "XueFuShop.IDAL\XueFuShop.IDAL.csproj", "{3A21D800-08AC-4179-B25A-102BA714D8AA}"
EndProject
Project("{FAE04EC0-301F-11D3-BF4B-00C04F79EFBC}") = "XueFuShop.Models", "XueFuShop.Models\XueFuShop.Models.csproj", "{83AE4726-C1C6-4601-930E-B5F5CF62F1FC}"
EndProject
Project("{FAE04EC0-301F-11D3-BF4B-00C04F79EFBC}") = "XueFuShop.Common", "XueFuShop.Common\XueFuShop.Common.csproj", "{E150603E-2A27-47DB-9A27-8C98F4936761}"
EndProject
Project("{FAE04EC0-301F-11D3-BF4B-00C04F79EFBC}") = "XueFuShop.DAL", "XueFuShop.DAL\XueFuShop.DAL.csproj", "{C006D3A0-8915-4368-88A6-6E7E6F9D9CAA}"
EndProject
Project("{FAE04EC0-301F-11D3-BF4B-00C04F79EFBC}") = "XueFuShop.Pages", "XueFuShop.Pages\XueFuShop.Pages.csproj", "{D0954DAB-DDD9-4D70-BC7F-73375DF21D31}"
EndProject
Project("{FAE04EC0-301F-11D3-BF4B-00C04F79EFBC}") = "YXTSMS", "..\..\MXLMS\YXTSMS\YXTSMS.csproj", "{BACED633-9410-4F6D-AC1D-A7865ACA9C73}"
EndProject
Project("{FAE04EC0-301F-11D3-BF4B-00C04F79EFBC}") = "LetvAPI", "LetvAPI\LetvAPI.csproj", "{8A98C478-F466-456E-9205-DF4297AAEE60}"
EndProject
Project("{FAE04EC0-301F-11D3-BF4B-00C04F79EFBC}") = "FredCK.FCKeditorV2", "FredCK.FCKeditorV2\FredCK.FCKeditorV2.csproj", "{00827A30-F1F1-403F-9900-E4A6B91740E8}"
EndProject
Project("{FAE04EC0-301F-11D3-BF4B-00C04F79EFBC}") = "MobileEMS", "MobileEMS\MobileEMS.csproj", "{E5B7D251-2B7B-4C71-8B5B-C82630A665A9}"
	ProjectSection(WebsiteProperties) = preProject
		Debug.AspNetCompiler.Debug = "True"
		Release.AspNetCompiler.Debug = "False"
	EndProjectSection
EndProject
Project("{FAE04EC0-301F-11D3-BF4B-00C04F79EFBC}") = "XueFuShop.IBLL", "XueFuShop.IBLL\XueFuShop.IBLL.csproj", "{5C40FB82-9680-4C66-82EC-C3F223FB86F2}"
EndProject
Project("{FAE04EC0-301F-11D3-BF4B-00C04F79EFBC}") = "XueFuShop.Log", "XueFuShop.Log\XueFuShop.Log.csproj", "{11702FCD-7C75-435B-9659-F5F12914B877}"
EndProject
Project("{FAE04EC0-301F-11D3-BF4B-00C04F79EFBC}") = "XueFu.Redis", "XueFu.Redis\XueFu.Redis.csproj", "{AA071F0E-65C6-4562-A477-5F864F777907}"
EndProject
Global
	GlobalSection(SolutionConfigurationPlatforms) = preSolution
		Debug|Any CPU = Debug|Any CPU
		Release|Any CPU = Release|Any CPU
	EndGlobalSection
	GlobalSection(ProjectConfigurationPlatforms) = postSolution
		{D3153537-712F-48E9-B739-9ED099004249}.Debug|Any CPU.ActiveCfg = Debug|Any CPU
		{D3153537-712F-48E9-B739-9ED099004249}.Debug|Any CPU.Build.0 = Debug|Any CPU
		{D3153537-712F-48E9-B739-9ED099004249}.Release|Any CPU.ActiveCfg = Release|Any CPU
		{D3153537-712F-48E9-B739-9ED099004249}.Release|Any CPU.Build.0 = Release|Any CPU
		{DBDD8CA0-1F46-4061-B0A5-20B189568925}.Debug|Any CPU.ActiveCfg = Debug|Any CPU
		{DBDD8CA0-1F46-4061-B0A5-20B189568925}.Debug|Any CPU.Build.0 = Debug|Any CPU
		{DBDD8CA0-1F46-4061-B0A5-20B189568925}.Release|Any CPU.ActiveCfg = Release|Any CPU
		{DBDD8CA0-1F46-4061-B0A5-20B189568925}.Release|Any CPU.Build.0 = Release|Any CPU
		{B1AC3BBE-3477-4EC4-ACF3-7A7164FAEA8C}.Debug|Any CPU.ActiveCfg = Debug|Any CPU
		{B1AC3BBE-3477-4EC4-ACF3-7A7164FAEA8C}.Debug|Any CPU.Build.0 = Debug|Any CPU
		{B1AC3BBE-3477-4EC4-ACF3-7A7164FAEA8C}.Release|Any CPU.ActiveCfg = Release|Any CPU
		{B1AC3BBE-3477-4EC4-ACF3-7A7164FAEA8C}.Release|Any CPU.Build.0 = Release|Any CPU
		{3A21D800-08AC-4179-B25A-102BA714D8AA}.Debug|Any CPU.ActiveCfg = Debug|Any CPU
		{3A21D800-08AC-4179-B25A-102BA714D8AA}.Debug|Any CPU.Build.0 = Debug|Any CPU
		{3A21D800-08AC-4179-B25A-102BA714D8AA}.Release|Any CPU.ActiveCfg = Release|Any CPU
		{3A21D800-08AC-4179-B25A-102BA714D8AA}.Release|Any CPU.Build.0 = Release|Any CPU
		{83AE4726-C1C6-4601-930E-B5F5CF62F1FC}.Debug|Any CPU.ActiveCfg = Debug|Any CPU
		{83AE4726-C1C6-4601-930E-B5F5CF62F1FC}.Debug|Any CPU.Build.0 = Debug|Any CPU
		{83AE4726-C1C6-4601-930E-B5F5CF62F1FC}.Release|Any CPU.ActiveCfg = Release|Any CPU
		{83AE4726-C1C6-4601-930E-B5F5CF62F1FC}.Release|Any CPU.Build.0 = Release|Any CPU
		{E150603E-2A27-47DB-9A27-8C98F4936761}.Debug|Any CPU.ActiveCfg = Debug|Any CPU
		{E150603E-2A27-47DB-9A27-8C98F4936761}.Debug|Any CPU.Build.0 = Debug|Any CPU
		{E150603E-2A27-47DB-9A27-8C98F4936761}.Release|Any CPU.ActiveCfg = Release|Any CPU
		{E150603E-2A27-47DB-9A27-8C98F4936761}.Release|Any CPU.Build.0 = Release|Any CPU
		{C006D3A0-8915-4368-88A6-6E7E6F9D9CAA}.Debug|Any CPU.ActiveCfg = Debug|Any CPU
		{C006D3A0-8915-4368-88A6-6E7E6F9D9CAA}.Debug|Any CPU.Build.0 = Debug|Any CPU
		{C006D3A0-8915-4368-88A6-6E7E6F9D9CAA}.Release|Any CPU.ActiveCfg = Release|Any CPU
		{C006D3A0-8915-4368-88A6-6E7E6F9D9CAA}.Release|Any CPU.Build.0 = Release|Any CPU
		{D0954DAB-DDD9-4D70-BC7F-73375DF21D31}.Debug|Any CPU.ActiveCfg = Debug|Any CPU
		{D0954DAB-DDD9-4D70-BC7F-73375DF21D31}.Debug|Any CPU.Build.0 = Debug|Any CPU
		{D0954DAB-DDD9-4D70-BC7F-73375DF21D31}.Release|Any CPU.ActiveCfg = Release|Any CPU
		{D0954DAB-DDD9-4D70-BC7F-73375DF21D31}.Release|Any CPU.Build.0 = Release|Any CPU
		{BACED633-9410-4F6D-AC1D-A7865ACA9C73}.Debug|Any CPU.ActiveCfg = Debug|Any CPU
		{BACED633-9410-4F6D-AC1D-A7865ACA9C73}.Debug|Any CPU.Build.0 = Debug|Any CPU
		{BACED633-9410-4F6D-AC1D-A7865ACA9C73}.Release|Any CPU.ActiveCfg = Release|Any CPU
		{BACED633-9410-4F6D-AC1D-A7865ACA9C73}.Release|Any CPU.Build.0 = Release|Any CPU
		{8A98C478-F466-456E-9205-DF4297AAEE60}.Debug|Any CPU.ActiveCfg = Debug|Any CPU
		{8A98C478-F466-456E-9205-DF4297AAEE60}.Debug|Any CPU.Build.0 = Debug|Any CPU
		{8A98C478-F466-456E-9205-DF4297AAEE60}.Release|Any CPU.ActiveCfg = Release|Any CPU
		{8A98C478-F466-456E-9205-DF4297AAEE60}.Release|Any CPU.Build.0 = Release|Any CPU
		{00827A30-F1F1-403F-9900-E4A6B91740E8}.Debug|Any CPU.ActiveCfg = Debug|Any CPU
		{00827A30-F1F1-403F-9900-E4A6B91740E8}.Debug|Any CPU.Build.0 = Debug|Any CPU
		{00827A30-F1F1-403F-9900-E4A6B91740E8}.Release|Any CPU.ActiveCfg = Release|Any CPU
		{00827A30-F1F1-403F-9900-E4A6B91740E8}.Release|Any CPU.Build.0 = Release|Any CPU
		{E5B7D251-2B7B-4C71-8B5B-C82630A665A9}.Debug|Any CPU.ActiveCfg = Debug|Any CPU
		{E5B7D251-2B7B-4C71-8B5B-C82630A665A9}.Debug|Any CPU.Build.0 = Debug|Any CPU
		{E5B7D251-2B7B-4C71-8B5B-C82630A665A9}.Release|Any CPU.ActiveCfg = Release|Any CPU
		{E5B7D251-2B7B-4C71-8B5B-C82630A665A9}.Release|Any CPU.Build.0 = Release|Any CPU
		{5C40FB82-9680-4C66-82EC-C3F223FB86F2}.Debug|Any CPU.ActiveCfg = Debug|Any CPU
		{5C40FB82-9680-4C66-82EC-C3F223FB86F2}.Debug|Any CPU.Build.0 = Debug|Any CPU
		{5C40FB82-9680-4C66-82EC-C3F223FB86F2}.Release|Any CPU.ActiveCfg = Release|Any CPU
		{5C40FB82-9680-4C66-82EC-C3F223FB86F2}.Release|Any CPU.Build.0 = Release|Any CPU
		{11702FCD-7C75-435B-9659-F5F12914B877}.Debug|Any CPU.ActiveCfg = Debug|Any CPU
		{11702FCD-7C75-435B-9659-F5F12914B877}.Debug|Any CPU.Build.0 = Debug|Any CPU
		{11702FCD-7C75-435B-9659-F5F12914B877}.Release|Any CPU.ActiveCfg = Release|Any CPU
		{11702FCD-7C75-435B-9659-F5F12914B877}.Release|Any CPU.Build.0 = Release|Any CPU
		{AA071F0E-65C6-4562-A477-5F864F777907}.Debug|Any CPU.ActiveCfg = Debug|Any CPU
		{AA071F0E-65C6-4562-A477-5F864F777907}.Debug|Any CPU.Build.0 = Debug|Any CPU
		{AA071F0E-65C6-4562-A477-5F864F777907}.Release|Any CPU.ActiveCfg = Release|Any CPU
		{AA071F0E-65C6-4562-A477-5F864F777907}.Release|Any CPU.Build.0 = Release|Any CPU
	EndGlobalSection
	GlobalSection(SolutionProperties) = preSolution
		HideSolutionNode = FALSE
	EndGlobalSection
	GlobalSection(NestedProjects) = preSolution
		{B1AC3BBE-3477-4EC4-ACF3-7A7164FAEA8C} = {860DDDF9-3B23-42FA-9E26-AF77EF263F41}
		{3A21D800-08AC-4179-B25A-102BA714D8AA} = {3322B941-2BF2-497D-83CE-A02C60430B09}
		{C006D3A0-8915-4368-88A6-6E7E6F9D9CAA} = {3322B941-2BF2-497D-83CE-A02C60430B09}
		{5C40FB82-9680-4C66-82EC-C3F223FB86F2} = {860DDDF9-3B23-42FA-9E26-AF77EF263F41}
	EndGlobalSection
EndGlobal
